// !$*UTF8*$!
{
	archiveVersion = 1;
	classes = {
	};
	objectVersion = 46;
	objects = {

/* Begin PBXBuildFile section */
		4BCD65ED1DB24983002C5877 /* ZoomImageView.h in Headers */ = {isa = PBXBuildFile; fileRef = 4BCD65EB1DB24983002C5877 /* ZoomImageView.h */; settings = {ATTRIBUTES = (Public, ); }; };
		4BCD65F41DB24996002C5877 /* ZoomImageView.swift in Sources */ = {isa = PBXBuildFile; fileRef = 4BCD65F31DB24996002C5877 /* ZoomImageView.swift */; };
		4BCD65FC1DB249E2002C5877 /* AppDelegate.swift in Sources */ = {isa = PBXBuildFile; fileRef = 4BCD65FB1DB249E2002C5877 /* AppDelegate.swift */; };
		4BCD65FE1DB249E2002C5877 /* ViewController.swift in Sources */ = {isa = PBXBuildFile; fileRef = 4BCD65FD1DB249E2002C5877 /* ViewController.swift */; };
		4BCD66011DB249E2002C5877 /* Main.storyboard in Resources */ = {isa = PBXBuildFile; fileRef = 4BCD65FF1DB249E2002C5877 /* Main.storyboard */; };
		4BCD66031DB249E2002C5877 /* Assets.xcassets in Resources */ = {isa = PBXBuildFile; fileRef = 4BCD66021DB249E2002C5877 /* Assets.xcassets */; };
		4BCD66061DB249E2002C5877 /* LaunchScreen.storyboard in Resources */ = {isa = PBXBuildFile; fileRef = 4BCD66041DB249E2002C5877 /* LaunchScreen.storyboard */; };
		4BCD660B1DB24AAF002C5877 /* ZoomImageView.framework in Frameworks */ = {isa = PBXBuildFile; fileRef = 4BCD65E81DB24983002C5877 /* ZoomImageView.framework */; };
		4BCD660C1DB24AAF002C5877 /* ZoomImageView.framework in Embed Frameworks */ = {isa = PBXBuildFile; fileRef = 4BCD65E81DB24983002C5877 /* ZoomImageView.framework */; settings = {ATTRIBUTES = (CodeSignOnCopy, RemoveHeadersOnCopy, ); }; };
		4BE49D172167565800A948ED /* StraightenViewController.swift in Sources */ = {isa = PBXBuildFile; fileRef = 4BE49D162167565800A948ED /* StraightenViewController.swift */; };
		B5ECE70ACA24E078557AB86B /* Pods_Demo.framework in Frameworks */ = {isa = PBXBuildFile; fileRef = 0AEBD17E548037AEBAE8BF38 /* Pods_Demo.framework */; };
/* End PBXBuildFile section */

/* Begin PBXContainerItemProxy section */
		4BCD660D1DB24AAF002C5877 /* PBXContainerItemProxy */ = {
			isa = PBXContainerItemProxy;
			containerPortal = 4BCD65DF1DB24983002C5877 /* Project object */;
			proxyType = 1;
			remoteGlobalIDString = 4BCD65E71DB24983002C5877;
			remoteInfo = ZoomImageView;
		};
/* End PBXContainerItemProxy section */

/* Begin PBXCopyFilesBuildPhase section */
		4BCD660F1DB24AAF002C5877 /* Embed Frameworks */ = {
			isa = PBXCopyFilesBuildPhase;
			buildActionMask = 2147483647;
			dstPath = "";
			dstSubfolderSpec = 10;
			files = (
				4BCD660C1DB24AAF002C5877 /* ZoomImageView.framework in Embed Frameworks */,
			);
			name = "Embed Frameworks";
			runOnlyForDeploymentPostprocessing = 0;
		};
/* End PBXCopyFilesBuildPhase section */

/* Begin PBXFileReference section */
		0AEBD17E548037AEBAE8BF38 /* Pods_Demo.framework */ = {isa = PBXFileReference; explicitFileType = wrapper.framework; includeInIndex = 0; path = Pods_Demo.framework; sourceTree = BUILT_PRODUCTS_DIR; };
		15A0A70BD5509C7B9B3C625B /* Pods-Demo.debug.xcconfig */ = {isa = PBXFileReference; includeInIndex = 1; lastKnownFileType = text.xcconfig; name = "Pods-Demo.debug.xcconfig"; path = "Target Support Files/Pods-Demo/Pods-Demo.debug.xcconfig"; sourceTree = "<group>"; };
		4BCD65E81DB24983002C5877 /* ZoomImageView.framework */ = {isa = PBXFileReference; explicitFileType = wrapper.framework; includeInIndex = 0; path = ZoomImageView.framework; sourceTree = BUILT_PRODUCTS_DIR; };
		4BCD65EB1DB24983002C5877 /* ZoomImageView.h */ = {isa = PBXFileReference; lastKnownFileType = sourcecode.c.h; path = ZoomImageView.h; sourceTree = "<group>"; };
		4BCD65EC1DB24983002C5877 /* Info.plist */ = {isa = PBXFileReference; lastKnownFileType = text.plist.xml; path = Info.plist; sourceTree = "<group>"; };
		4BCD65F31DB24996002C5877 /* ZoomImageView.swift */ = {isa = PBXFileReference; fileEncoding = 4; lastKnownFileType = sourcecode.swift; path = ZoomImageView.swift; sourceTree = "<group>"; };
		4BCD65F91DB249E2002C5877 /* Demo.app */ = {isa = PBXFileReference; explicitFileType = wrapper.application; includeInIndex = 0; path = Demo.app; sourceTree = BUILT_PRODUCTS_DIR; };
		4BCD65FB1DB249E2002C5877 /* AppDelegate.swift */ = {isa = PBXFileReference; lastKnownFileType = sourcecode.swift; path = AppDelegate.swift; sourceTree = "<group>"; };
		4BCD65FD1DB249E2002C5877 /* ViewController.swift */ = {isa = PBXFileReference; lastKnownFileType = sourcecode.swift; path = ViewController.swift; sourceTree = "<group>"; };
		4BCD66001DB249E2002C5877 /* Base */ = {isa = PBXFileReference; lastKnownFileType = file.storyboard; name = Base; path = Base.lproj/Main.storyboard; sourceTree = "<group>"; };
		4BCD66021DB249E2002C5877 /* Assets.xcassets */ = {isa = PBXFileReference; lastKnownFileType = folder.assetcatalog; path = Assets.xcassets; sourceTree = "<group>"; };
		4BCD66051DB249E2002C5877 /* Base */ = {isa = PBXFileReference; lastKnownFileType = file.storyboard; name = Base; path = Base.lproj/LaunchScreen.storyboard; sourceTree = "<group>"; };
		4BCD66071DB249E2002C5877 /* Info.plist */ = {isa = PBXFileReference; lastKnownFileType = text.plist.xml; path = Info.plist; sourceTree = "<group>"; };
		4BE49D162167565800A948ED /* StraightenViewController.swift */ = {isa = PBXFileReference; lastKnownFileType = sourcecode.swift; path = StraightenViewController.swift; sourceTree = "<group>"; };
		FD622CA2EA00F16B1EC24640 /* Pods-Demo.release.xcconfig */ = {isa = PBXFileReference; includeInIndex = 1; lastKnownFileType = text.xcconfig; name = "Pods-Demo.release.xcconfig"; path = "Target Support Files/Pods-Demo/Pods-Demo.release.xcconfig"; sourceTree = "<group>"; };
/* End PBXFileReference section */

/* Begin PBXFrameworksBuildPhase section */
		4BCD65E41DB24983002C5877 /* Frameworks */ = {
			isa = PBXFrameworksBuildPhase;
			buildActionMask = 2147483647;
			files = (
			);
			runOnlyForDeploymentPostprocessing = 0;
		};
		4BCD65F61DB249E2002C5877 /* Frameworks */ = {
			isa = PBXFrameworksBuildPhase;
			buildActionMask = 2147483647;
			files = (
				4BCD660B1DB24AAF002C5877 /* ZoomImageView.framework in Frameworks */,
				B5ECE70ACA24E078557AB86B /* Pods_Demo.framework in Frameworks */,
			);
			runOnlyForDeploymentPostprocessing = 0;
		};
/* End PBXFrameworksBuildPhase section */

/* Begin PBXGroup section */
		3A2CDF08F569DD25C63EC2AA /* Pods */ = {
			isa = PBXGroup;
			children = (
				15A0A70BD5509C7B9B3C625B /* Pods-Demo.debug.xcconfig */,
				FD622CA2EA00F16B1EC24640 /* Pods-Demo.release.xcconfig */,
			);
			path = Pods;
			sourceTree = "<group>";
		};
		4BCD65DE1DB24983002C5877 = {
			isa = PBXGroup;
			children = (
				4BCD65EA1DB24983002C5877 /* ZoomImageView */,
				4BCD65FA1DB249E2002C5877 /* Demo */,
				4BCD65E91DB24983002C5877 /* Products */,
				3A2CDF08F569DD25C63EC2AA /* Pods */,
				DAF1373222055B843C9CBA53 /* Frameworks */,
			);
			sourceTree = "<group>";
		};
		4BCD65E91DB24983002C5877 /* Products */ = {
			isa = PBXGroup;
			children = (
				4BCD65E81DB24983002C5877 /* ZoomImageView.framework */,
				4BCD65F91DB249E2002C5877 /* Demo.app */,
			);
			name = Products;
			sourceTree = "<group>";
		};
		4BCD65EA1DB24983002C5877 /* ZoomImageView */ = {
			isa = PBXGroup;
			children = (
				4BCD65EB1DB24983002C5877 /* ZoomImageView.h */,
				4BCD65F31DB24996002C5877 /* ZoomImageView.swift */,
				4BCD65EC1DB24983002C5877 /* Info.plist */,
			);
			path = ZoomImageView;
			sourceTree = "<group>";
		};
		4BCD65FA1DB249E2002C5877 /* Demo */ = {
			isa = PBXGroup;
			children = (
				4BCD65FB1DB249E2002C5877 /* AppDelegate.swift */,
				4BCD65FD1DB249E2002C5877 /* ViewController.swift */,
				4BE49D162167565800A948ED /* StraightenViewController.swift */,
				4BCD65FF1DB249E2002C5877 /* Main.storyboard */,
				4BCD66021DB249E2002C5877 /* Assets.xcassets */,
				4BCD66041DB249E2002C5877 /* LaunchScreen.storyboard */,
				4BCD66071DB249E2002C5877 /* Info.plist */,
			);
			path = Demo;
			sourceTree = "<group>";
		};
		DAF1373222055B843C9CBA53 /* Frameworks */ = {
			isa = PBXGroup;
			children = (
				0AEBD17E548037AEBAE8BF38 /* Pods_Demo.framework */,
			);
			name = Frameworks;
			sourceTree = "<group>";
		};
/* End PBXGroup section */

/* Begin PBXHeadersBuildPhase section */
		4BCD65E51DB24983002C5877 /* Headers */ = {
			isa = PBXHeadersBuildPhase;
			buildActionMask = 2147483647;
			files = (
				4BCD65ED1DB24983002C5877 /* ZoomImageView.h in Headers */,
			);
			runOnlyForDeploymentPostprocessing = 0;
		};
/* End PBXHeadersBuildPhase section */

/* Begin PBXNativeTarget section */
		4BCD65E71DB24983002C5877 /* ZoomImageView */ = {
			isa = PBXNativeTarget;
			buildConfigurationList = 4BCD65F01DB24983002C5877 /* Build configuration list for PBXNativeTarget "ZoomImageView" */;
			buildPhases = (
				4BCD65E31DB24983002C5877 /* Sources */,
				4BCD65E41DB24983002C5877 /* Frameworks */,
				4BCD65E51DB24983002C5877 /* Headers */,
				4BCD65E61DB24983002C5877 /* Resources */,
			);
			buildRules = (
			);
			dependencies = (
			);
			name = ZoomImageView;
			productName = ZoomImageView;
			productReference = 4BCD65E81DB24983002C5877 /* ZoomImageView.framework */;
			productType = "com.apple.product-type.framework";
		};
		4BCD65F81DB249E2002C5877 /* Demo */ = {
			isa = PBXNativeTarget;
			buildConfigurationList = 4BCD66081DB249E2002C5877 /* Build configuration list for PBXNativeTarget "Demo" */;
			buildPhases = (
				8609FB03E2668BD059FFCDB0 /* [CP] Check Pods Manifest.lock */,
				4BCD65F51DB249E2002C5877 /* Sources */,
				4BCD65F61DB249E2002C5877 /* Frameworks */,
				4BCD65F71DB249E2002C5877 /* Resources */,
				4BCD660F1DB24AAF002C5877 /* Embed Frameworks */,
				7AAFF5F0CAC698C6D1A7E31F /* [CP] Embed Pods Frameworks */,
			);
			buildRules = (
			);
			dependencies = (
				4BCD660E1DB24AAF002C5877 /* PBXTargetDependency */,
			);
			name = Demo;
			productName = Demo;
			productReference = 4BCD65F91DB249E2002C5877 /* Demo.app */;
			productType = "com.apple.product-type.application";
		};
/* End PBXNativeTarget section */

/* Begin PBXProject section */
		4BCD65DF1DB24983002C5877 /* Project object */ = {
			isa = PBXProject;
			attributes = {
				LastSwiftUpdateCheck = 0800;
				LastUpgradeCheck = 0900;
				ORGANIZATIONNAME = muukii;
				TargetAttributes = {
					4BCD65E71DB24983002C5877 = {
						CreatedOnToolsVersion = 8.0;
						DevelopmentTeam = KU2QEJ9K3Z;
						LastSwiftMigration = 0900;
						ProvisioningStyle = Automatic;
					};
					4BCD65F81DB249E2002C5877 = {
						CreatedOnToolsVersion = 8.0;
						DevelopmentTeam = KU2QEJ9K3Z;
						ProvisioningStyle = Automatic;
					};
				};
			};
			buildConfigurationList = 4BCD65E21DB24983002C5877 /* Build configuration list for PBXProject "ZoomImageView" */;
			compatibilityVersion = "Xcode 3.2";
			developmentRegion = English;
			hasScannedForEncodings = 0;
			knownRegions = (
				en,
				Base,
			);
			mainGroup = 4BCD65DE1DB24983002C5877;
			productRefGroup = 4BCD65E91DB24983002C5877 /* Products */;
			projectDirPath = "";
			projectRoot = "";
			targets = (
				4BCD65E71DB24983002C5877 /* ZoomImageView */,
				4BCD65F81DB249E2002C5877 /* Demo */,
			);
		};
/* End PBXProject section */

/* Begin PBXResourcesBuildPhase section */
		4BCD65E61DB24983002C5877 /* Resources */ = {
			isa = PBXResourcesBuildPhase;
			buildActionMask = 2147483647;
			files = (
			);
			runOnlyForDeploymentPostprocessing = 0;
		};
		4BCD65F71DB249E2002C5877 /* Resources */ = {
			isa = PBXResourcesBuildPhase;
			buildActionMask = 2147483647;
			files = (
				4BCD66061DB249E2002C5877 /* LaunchScreen.storyboard in Resources */,
				4BCD66031DB249E2002C5877 /* Assets.xcassets in Resources */,
				4BCD66011DB249E2002C5877 /* Main.storyboard in Resources */,
			);
			runOnlyForDeploymentPostprocessing = 0;
		};
/* End PBXResourcesBuildPhase section */

/* Begin PBXShellScriptBuildPhase section */
		7AAFF5F0CAC698C6D1A7E31F /* [CP] Embed Pods Frameworks */ = {
			isa = PBXShellScriptBuildPhase;
			buildActionMask = 2147483647;
			files = (
			);
			inputFileListPaths = (
			);
			inputPaths = (
				"${PODS_ROOT}/Target Support Files/Pods-Demo/Pods-Demo-frameworks.sh",
				"${PODS_ROOT}/Reveal-SDK/RevealServer-18/iOS/RevealServer.framework",
			);
			name = "[CP] Embed Pods Frameworks";
			outputFileListPaths = (
			);
			outputPaths = (
				"${TARGET_BUILD_DIR}/${FRAMEWORKS_FOLDER_PATH}/RevealServer.framework",
			);
			runOnlyForDeploymentPostprocessing = 0;
			shellPath = /bin/sh;
			shellScript = "\"${PODS_ROOT}/Target Support Files/Pods-Demo/Pods-Demo-frameworks.sh\"\n";
			showEnvVarsInLog = 0;
		};
		8609FB03E2668BD059FFCDB0 /* [CP] Check Pods Manifest.lock */ = {
			isa = PBXShellScriptBuildPhase;
			buildActionMask = 2147483647;
			files = (
			);
			inputFileListPaths = (
			);
			inputPaths = (
				"${PODS_PODFILE_DIR_PATH}/Podfile.lock",
				"${PODS_ROOT}/Manifest.lock",
			);
			name = "[CP] Check Pods Manifest.lock";
			outputFileListPaths = (
			);
			outputPaths = (
				"$(DERIVED_FILE_DIR)/Pods-Demo-checkManifestLockResult.txt",
			);
			runOnlyForDeploymentPostprocessing = 0;
			shellPath = /bin/sh;
			shellScript = "diff \"${PODS_PODFILE_DIR_PATH}/Podfile.lock\" \"${PODS_ROOT}/Manifest.lock\" > /dev/null\nif [ $? != 0 ] ; then\n    # print error to STDERR\n    echo \"error: The sandbox is not in sync with the Podfile.lock. Run 'pod install' or update your CocoaPods installation.\" >&2\n    exit 1\nfi\n# This output is used by Xcode 'outputs' to avoid re-running this script phase.\necho \"SUCCESS\" > \"${SCRIPT_OUTPUT_FILE_0}\"\n";
			showEnvVarsInLog = 0;
		};
/* End PBXShellScriptBuildPhase section */

/* Begin PBXSourcesBuildPhase section */
		4BCD65E31DB24983002C5877 /* Sources */ = {
			isa = PBXSourcesBuildPhase;
			buildActionMask = 2147483647;
			files = (
				4BCD65F41DB24996002C5877 /* ZoomImageView.swift in Sources */,
			);
			runOnlyForDeploymentPostprocessing = 0;
		};
		4BCD65F51DB249E2002C5877 /* Sources */ = {
			isa = PBXSourcesBuildPhase;
			buildActionMask = 2147483647;
			files = (
				4BE49D172167565800A948ED /* StraightenViewController.swift in Sources */,
				4BCD65FE1DB249E2002C5877 /* ViewController.swift in Sources */,
				4BCD65FC1DB249E2002C5877 /* AppDelegate.swift in Sources */,
			);
			runOnlyForDeploymentPostprocessing = 0;
		};
/* End PBXSourcesBuildPhase section */

/* Begin PBXTargetDependency section */
		4BCD660E1DB24AAF002C5877 /* PBXTargetDependency */ = {
			isa = PBXTargetDependency;
			target = 4BCD65E71DB24983002C5877 /* ZoomImageView */;
			targetProxy = 4BCD660D1DB24AAF002C5877 /* PBXContainerItemProxy */;
		};
/* End PBXTargetDependency section */

/* Begin PBXVariantGroup section */
		4BCD65FF1DB249E2002C5877 /* Main.storyboard */ = {
			isa = PBXVariantGroup;
			children = (
				4BCD66001DB249E2002C5877 /* Base */,
			);
			name = Main.storyboard;
			sourceTree = "<group>";
		};
		4BCD66041DB249E2002C5877 /* LaunchScreen.storyboard */ = {
			isa = PBXVariantGroup;
			children = (
				4BCD66051DB249E2002C5877 /* Base */,
			);
			name = LaunchScreen.storyboard;
			sourceTree = "<group>";
		};
/* End PBXVariantGroup section */

/* Begin XCBuildConfiguration section */
		4BCD65EE1DB24983002C5877 /* Debug */ = {
			isa = XCBuildConfiguration;
			buildSettings = {
				ALWAYS_SEARCH_USER_PATHS = NO;
				CLANG_ANALYZER_NONNULL = YES;
				CLANG_CXX_LANGUAGE_STANDARD = "gnu++0x";
				CLANG_CXX_LIBRARY = "libc++";
				CLANG_ENABLE_MODULES = YES;
				CLANG_ENABLE_OBJC_ARC = YES;
				CLANG_WARN_BLOCK_CAPTURE_AUTORELEASING = YES;
				CLANG_WARN_BOOL_CONVERSION = YES;
				CLANG_WARN_COMMA = YES;
				CLANG_WARN_CONSTANT_CONVERSION = YES;
				CLANG_WARN_DIRECT_OBJC_ISA_USAGE = YES_ERROR;
				CLANG_WARN_DOCUMENTATION_COMMENTS = YES;
				CLANG_WARN_EMPTY_BODY = YES;
				CLANG_WARN_ENUM_CONVERSION = YES;
				CLANG_WARN_INFINITE_RECURSION = YES;
				CLANG_WARN_INT_CONVERSION = YES;
				CLANG_WARN_NON_LITERAL_NULL_CONVERSION = YES;
				CLANG_WARN_OBJC_LITERAL_CONVERSION = YES;
				CLANG_WARN_OBJC_ROOT_CLASS = YES_ERROR;
				CLANG_WARN_RANGE_LOOP_ANALYSIS = YES;
				CLANG_WARN_STRICT_PROTOTYPES = YES;
				CLANG_WARN_SUSPICIOUS_MOVE = YES;
				CLANG_WARN_SUSPICIOUS_MOVES = YES;
				CLANG_WARN_UNREACHABLE_CODE = YES;
				CLANG_WARN__DUPLICATE_METHOD_MATCH = YES;
				"CODE_SIGN_IDENTITY[sdk=iphoneos*]" = "iPhone Developer";
				COPY_PHASE_STRIP = NO;
				CURRENT_PROJECT_VERSION = 1;
				DEBUG_INFORMATION_FORMAT = dwarf;
				ENABLE_STRICT_OBJC_MSGSEND = YES;
				ENABLE_TESTABILITY = YES;
				GCC_C_LANGUAGE_STANDARD = gnu99;
				GCC_DYNAMIC_NO_PIC = NO;
				GCC_NO_COMMON_BLOCKS = YES;
				GCC_OPTIMIZATION_LEVEL = 0;
				GCC_PREPROCESSOR_DEFINITIONS = (
					"DEBUG=1",
					"$(inherited)",
				);
				GCC_WARN_64_TO_32_BIT_CONVERSION = YES;
				GCC_WARN_ABOUT_RETURN_TYPE = YES_ERROR;
				GCC_WARN_UNDECLARED_SELECTOR = YES;
				GCC_WARN_UNINITIALIZED_AUTOS = YES_AGGRESSIVE;
				GCC_WARN_UNUSED_FUNCTION = YES;
				GCC_WARN_UNUSED_VARIABLE = YES;
				IPHONEOS_DEPLOYMENT_TARGET = 8.0;
				MTL_ENABLE_DEBUG_INFO = YES;
				ONLY_ACTIVE_ARCH = YES;
				SDKROOT = iphoneos;
				SWIFT_ACTIVE_COMPILATION_CONDITIONS = DEBUG;
				SWIFT_OPTIMIZATION_LEVEL = "-Onone";
				SWIFT_SWIFT3_OBJC_INFERENCE = Off;
				SWIFT_VERSION = 4.2;
				TARGETED_DEVICE_FAMILY = "1,2";
				VERSIONING_SYSTEM = "apple-generic";
				VERSION_INFO_PREFIX = "";
			};
			name = Debug;
		};
		4BCD65EF1DB24983002C5877 /* Release */ = {
			isa = XCBuildConfiguration;
			buildSettings = {
				ALWAYS_SEARCH_USER_PATHS = NO;
				CLANG_ANALYZER_NONNULL = YES;
				CLANG_CXX_LANGUAGE_STANDARD = "gnu++0x";
				CLANG_CXX_LIBRARY = "libc++";
				CLANG_ENABLE_MODULES = YES;
				CLANG_ENABLE_OBJC_ARC = YES;
				CLANG_WARN_BLOCK_CAPTURE_AUTORELEASING = YES;
				CLANG_WARN_BOOL_CONVERSION = YES;
				CLANG_WARN_COMMA = YES;
				CLANG_WARN_CONSTANT_CONVERSION = YES;
				CLANG_WARN_DIRECT_OBJC_ISA_USAGE = YES_ERROR;
				CLANG_WARN_DOCUMENTATION_COMMENTS = YES;
				CLANG_WARN_EMPTY_BODY = YES;
				CLANG_WARN_ENUM_CONVERSION = YES;
				CLANG_WARN_INFINITE_RECURSION = YES;
				CLANG_WARN_INT_CONVERSION = YES;
				CLANG_WARN_NON_LITERAL_NULL_CONVERSION = YES;
				CLANG_WARN_OBJC_LITERAL_CONVERSION = YES;
				CLANG_WARN_OBJC_ROOT_CLASS = YES_ERROR;
				CLANG_WARN_RANGE_LOOP_ANALYSIS = YES;
				CLANG_WARN_STRICT_PROTOTYPES = YES;
				CLANG_WARN_SUSPICIOUS_MOVE = YES;
				CLANG_WARN_SUSPICIOUS_MOVES = YES;
				CLANG_WARN_UNREACHABLE_CODE = YES;
				CLANG_WARN__DUPLICATE_METHOD_MATCH = YES;
				"CODE_SIGN_IDENTITY[sdk=iphoneos*]" = "iPhone Developer";
				COPY_PHASE_STRIP = NO;
				CURRENT_PROJECT_VERSION = 1;
				DEBUG_INFORMATION_FORMAT = "dwarf-with-dsym";
				ENABLE_NS_ASSERTIONS = NO;
				ENABLE_STRICT_OBJC_MSGSEND = YES;
				GCC_C_LANGUAGE_STANDARD = gnu99;
				GCC_NO_COMMON_BLOCKS = YES;
				GCC_WARN_64_TO_32_BIT_CONVERSION = YES;
				GCC_WARN_ABOUT_RETURN_TYPE = YES_ERROR;
				GCC_WARN_UNDECLARED_SELECTOR = YES;
				GCC_WARN_UNINITIALIZED_AUTOS = YES_AGGRESSIVE;
				GCC_WARN_UNUSED_FUNCTION = YES;
				GCC_WARN_UNUSED_VARIABLE = YES;
				IPHONEOS_DEPLOYMENT_TARGET = 8.0;
				MTL_ENABLE_DEBUG_INFO = NO;
				SDKROOT = iphoneos;
				SWIFT_OPTIMIZATION_LEVEL = "-Owholemodule";
				SWIFT_SWIFT3_OBJC_INFERENCE = Off;
				SWIFT_VERSION = 4.2;
				TARGETED_DEVICE_FAMILY = "1,2";
				VALIDATE_PRODUCT = YES;
				VERSIONING_SYSTEM = "apple-generic";
				VERSION_INFO_PREFIX = "";
			};
			name = Release;
		};
		4BCD65F11DB24983002C5877 /* Debug */ = {
			isa = XCBuildConfiguration;
			buildSettings = {
				APPLICATION_EXTENSION_API_ONLY = YES;
				CLANG_ENABLE_MODULES = YES;
				CODE_SIGN_IDENTITY = "";
				DEFINES_MODULE = YES;
				DEVELOPMENT_TEAM = KU2QEJ9K3Z;
				DYLIB_COMPATIBILITY_VERSION = 1;
				DYLIB_CURRENT_VERSION = 1;
				DYLIB_INSTALL_NAME_BASE = "@rpath";
				INFOPLIST_FILE = ZoomImageView/Info.plist;
				INSTALL_PATH = "$(LOCAL_LIBRARY_DIR)/Frameworks";
				LD_RUNPATH_SEARCH_PATHS = "$(inherited) @executable_path/Frameworks @loader_path/Frameworks";
				PRODUCT_BUNDLE_IDENTIFIER = me.muukii.ZoomImageView;
				PRODUCT_NAME = "$(TARGET_NAME)";
				SKIP_INSTALL = YES;
			};
			name = Debug;
		};
		4BCD65F21DB24983002C5877 /* Release */ = {
			isa = XCBuildConfiguration;
			buildSettings = {
				APPLICATION_EXTENSION_API_ONLY = YES;
				CLANG_ENABLE_MODULES = YES;
				CODE_SIGN_IDENTITY = "";
				DEFINES_MODULE = YES;
				DEVELOPMENT_TEAM = KU2QEJ9K3Z;
				DYLIB_COMPATIBILITY_VERSION = 1;
				DYLIB_CURRENT_VERSION = 1;
				DYLIB_INSTALL_NAME_BASE = "@rpath";
				INFOPLIST_FILE = ZoomImageView/Info.plist;
				INSTALL_PATH = "$(LOCAL_LIBRARY_DIR)/Frameworks";
				LD_RUNPATH_SEARCH_PATHS = "$(inherited) @executable_path/Frameworks @loader_path/Frameworks";
				PRODUCT_BUNDLE_IDENTIFIER = me.muukii.ZoomImageView;
				PRODUCT_NAME = "$(TARGET_NAME)";
				SKIP_INSTALL = YES;
			};
			name = Release;
		};
		4BCD66091DB249E2002C5877 /* Debug */ = {
			isa = XCBuildConfiguration;
			baseConfigurationReference = 15A0A70BD5509C7B9B3C625B /* Pods-Demo.debug.xcconfig */;
			buildSettings = {
				ALWAYS_EMBED_SWIFT_STANDARD_LIBRARIES = YES;
				ASSETCATALOG_COMPILER_APPICON_NAME = AppIcon;
				DEVELOPMENT_TEAM = KU2QEJ9K3Z;
				INFOPLIST_FILE = Demo/Info.plist;
				IPHONEOS_DEPLOYMENT_TARGET = 9.0;
				LD_RUNPATH_SEARCH_PATHS = "$(inherited) @executable_path/Frameworks";
				PRODUCT_BUNDLE_IDENTIFIER = me.muukii.Demo;
				PRODUCT_NAME = "$(TARGET_NAME)";
			};
			name = Debug;
		};
		4BCD660A1DB249E2002C5877 /* Release */ = {
			isa = XCBuildConfiguration;
			baseConfigurationReference = FD622CA2EA00F16B1EC24640 /* Pods-Demo.release.xcconfig */;
			buildSettings = {
				ALWAYS_EMBED_SWIFT_STANDARD_LIBRARIES = YES;
				ASSETCATALOG_COMPILER_APPICON_NAME = AppIcon;
				DEVELOPMENT_TEAM = KU2QEJ9K3Z;
				INFOPLIST_FILE = Demo/Info.plist;
				IPHONEOS_DEPLOYMENT_TARGET = 9.0;
				LD_RUNPATH_SEARCH_PATHS = "$(inherited) @executable_path/Frameworks";
				PRODUCT_BUNDLE_IDENTIFIER = me.muukii.Demo;
				PRODUCT_NAME = "$(TARGET_NAME)";
			};
			name = Release;
		};
/* End XCBuildConfiguration section */

/* Begin XCConfigurationList section */
		4BCD65E21DB24983002C5877 /* Build configuration list for PBXProject "ZoomImageView" */ = {
			isa = XCConfigurationList;
			buildConfigurations = (
				4BCD65EE1DB24983002C5877 /* Debug */,
				4BCD65EF1DB24983002C5877 /* Release */,
			);
			defaultConfigurationIsVisible = 0;
			defaultConfigurationName = Release;
		};
		4BCD65F01DB24983002C5877 /* Build configuration list for PBXNativeTarget "ZoomImageView" */ = {
			isa = XCConfigurationList;
			buildConfigurations = (
				4BCD65F11DB24983002C5877 /* Debug */,
				4BCD65F21DB24983002C5877 /* Release */,
			);
			defaultConfigurationIsVisible = 0;
			defaultConfigurationName = Release;
		};
		4BCD66081DB249E2002C5877 /* Build configuration list for PBXNativeTarget "Demo" */ = {
			isa = XCConfigurationList;
			buildConfigurations = (
				4BCD66091DB249E2002C5877 /* Debug */,
				4BCD660A1DB249E2002C5877 /* Release */,
			);
			defaultConfigurationIsVisible = 0;
			defaultConfigurationName = Release;
		};
/* End XCConfigurationList section */
	};
	rootObject = 4BCD65DF1DB24983002C5877 /* Project object */;
}
